
Microsoft Visual Studio Solution File, Format Version 12.00
# Visual Studio Version 17
VisualStudioVersion = 17.14.36301.6 d17.14
MinimumVisualStudioVersion = 10.0.40219.1
Project("{8BC9CEB8-8B4A-11D0-8D11-00A0C91BC942}") = "Sandbox", "Sandbox\Sandbox.vcxproj", "{467A833B-6EB7-48F3-ADA1-910F9B300ECE}"
EndProject
Project("{8BC9CEB8-8B4A-11D0-8D11-00A0C91BC942}") = "Hazel", "Hazel\Hazel.vcxproj", "{46DB3472-67C2-43E6-A18A-0818D2FC0F40}"
EndProject
Global
	GlobalSection(SolutionConfigurationPlatforms) = preSolution
		Debug|x64 = Debug|x64
		Release|x64 = Release|x64
	EndGlobalSection
	GlobalSection(ProjectConfigurationPlatforms) = postSolution
		{46DB3472-67C2-43E6-A18A-0818D2FC0F40}.Debug|x64.ActiveCfg = Debug|x64
		{46DB3472-67C2-43E6-A18A-0818D2FC0F40}.Debug|x64.Build.0 = Debug|x64
		{46DB3472-67C2-43E6-A18A-0818D2FC0F40}.Release|x64.ActiveCfg = Release|x64
		{46DB3472-67C2-43E6-A18A-0818D2FC0F40}.Release|x64.Build.0 = Release|x64
		{467A833B-6EB7-48F3-ADA1-910F9B300ECE}.Debug|x64.ActiveCfg = Debug|x64
		{467A833B-6EB7-48F3-ADA1-910F9B300ECE}.Debug|x64.Build.0 = Debug|x64
		{467A833B-6EB7-48F3-ADA1-910F9B300ECE}.Release|x64.ActiveCfg = Release|x64
		{467A833B-6EB7-48F3-ADA1-910F9B300ECE}.Release|x64.Build.0 = Release|x64
	EndGlobalSection
	GlobalSection(SolutionProperties) = preSolution
		HideSolutionNode = FALSE
	EndGlobalSection
	GlobalSection(ExtensibilityGlobals) = postSolution
		SolutionGuid = {2D06473D-AD59-4D2E-B529-96544FF020B2}
	EndGlobalSection
EndGlobal
